
Microsoft Visual Studio Solution File, Format Version 12.00
# Visual Studio Version 17
VisualStudioVersion = 17.3.32929.385
MinimumVisualStudioVersion = 10.0.40219.1
Project("{FAE04EC0-301F-11D3-BF4B-00C04F79EFBC}") = "temperatureConverter", "temperatureConverter\temperatureConverter.csproj", "{B807E7D1-BCBB-4AD8-BC06-4F4AF7415CEC}"
EndProject
Global
	GlobalSection(SolutionConfigurationPlatforms) = preSolution
		Debug|Any CPU = Debug|Any CPU
		Release|Any CPU = Release|Any CPU
	EndGlobalSection
	GlobalSection(ProjectConfigurationPlatforms) = postSolution
		{B807E7D1-BCBB-4AD8-BC06-4F4AF7415CEC}.Debug|Any CPU.ActiveCfg = Debug|Any CPU
		{B807E7D1-BCBB-4AD8-BC06-4F4AF7415CEC}.Debug|Any CPU.Build.0 = Debug|Any CPU
		{B807E7D1-BCBB-4AD8-BC06-4F4AF7415CEC}.Release|Any CPU.ActiveCfg = Release|Any CPU
		{B807E7D1-BCBB-4AD8-BC06-4F4AF7415CEC}.Release|Any CPU.Build.0 = Release|Any CPU
	EndGlobalSection
	GlobalSection(SolutionProperties) = preSolution
		HideSolutionNode = FALSE
	EndGlobalSection
	GlobalSection(ExtensibilityGlobals) = postSolution
		SolutionGuid = {C8DA7C16-45D8-407C-B25D-F8C04EBBCB07}
	EndGlobalSection
EndGlobal
